// !$*UTF8*$!
{
	archiveVersion = 1;
	classes = {
	};
	objectVersion = 77;
	objects = {

/* Begin PBXContainerItemProxy section */
		201AFD6A2F2D50A8005A5C54 /* PBXContainerItemProxy */ = {
			isa = PBXContainerItemProxy;
			containerPortal = 201AFD542F2D50A3005A5C54 /* Project object */;
			proxyType = 1;
			remoteGlobalIDString = 201AFD5B2F2D50A3005A5C54;
			remoteInfo = Glimpse;
		};
		201AFD742F2D50A8005A5C54 /* PBXContainerItemProxy */ = {
			isa = PBXContainerItemProxy;
			containerPortal = 201AFD542F2D50A3005A5C54 /* Project object */;
			proxyType = 1;
			remoteGlobalIDString = 201AFD5B2F2D50A3005A5C54;
			remoteInfo = Glimpse;
		};
/* End PBXContainerItemProxy section */

/* Begin PBXFileReference section */
		201AFD5C2F2D50A3005A5C54 /* Glimpse.app */ = {isa = PBXFileReference; explicitFileType = wrapper.application; includeInIndex = 0; path = Glimpse.app; sourceTree = BUILT_PRODUCTS_DIR; };
		201AFD692F2D50A8005A5C54 /* GlimpseTests.xctest */ = {isa = PBXFileReference; explicitFileType = wrapper.cfbundle; includeInIndex = 0; path = GlimpseTests.xctest; sourceTree = BUILT_PRODUCTS_DIR; };
		201AFD732F2D50A8005A5C54 /* GlimpseUITests.xctest */ = {isa = PBXFileReference; explicitFileType = wrapper.cfbundle; includeInIndex = 0; path = GlimpseUITests.xctest; sourceTree = BUILT_PRODUCTS_DIR; };
/* End PBXFileReference section */

/* Begin PBXFileSystemSynchronizedRootGroup section */
		201AFD5E2F2D50A3005A5C54 /* Glimpse */ = {
			isa = PBXFileSystemSynchronizedRootGroup;
			path = Glimpse;
			sourceTree = "<group>";
		};
		201AFD6C2F2D50A8005A5C54 /* GlimpseTests */ = {
			isa = PBXFileSystemSynchronizedRootGroup;
			path = GlimpseTests;
			sourceTree = "<group>";
		};
		201AFD762F2D50A8005A5C54 /* GlimpseUITests */ = {
			isa = PBXFileSystemSynchronizedRootGroup;
			path = GlimpseUITests;
			sourceTree = "<group>";
		};
/* End PBXFileSystemSynchronizedRootGroup section */

/* Begin PBXFrameworksBuildPhase section */
		201AFD592F2D50A3005A5C54 /* Frameworks */ = {
			isa = PBXFrameworksBuildPhase;
			buildActionMask = 2147483647;
			files = (
			);
			runOnlyForDeploymentPostprocessing = 0;
		};
		201AFD662F2D50A8005A5C54 /* Frameworks */ = {
			isa = PBXFrameworksBuildPhase;
			buildActionMask = 2147483647;
			files = (
			);
			runOnlyForDeploymentPostprocessing = 0;
		};
		201AFD702F2D50A8005A5C54 /* Frameworks */ = {
			isa = PBXFrameworksBuildPhase;
			buildActionMask = 2147483647;
			files = (
			);
			runOnlyForDeploymentPostprocessing = 0;
		};
/* End PBXFrameworksBuildPhase section */

/* Begin PBXGroup section */
		201AFD532F2D50A3005A5C54 = {
			isa = PBXGroup;
			children = (
				201AFD5E2F2D50A3005A5C54 /* Glimpse */,
				201AFD6C2F2D50A8005A5C54 /* GlimpseTests */,
				201AFD762F2D50A8005A5C54 /* GlimpseUITests */,
				201AFD5D2F2D50A3005A5C54 /* Products */,
			);
			sourceTree = "<group>";
		};
		201AFD5D2F2D50A3005A5C54 /* Products */ = {
			isa = PBXGroup;
			children = (
				201AFD5C2F2D50A3005A5C54 /* Glimpse.app */,
				201AFD692F2D50A8005A5C54 /* GlimpseTests.xctest */,
				201AFD732F2D50A8005A5C54 /* GlimpseUITests.xctest */,
			);
			name = Products;
			sourceTree = "<group>";
		};
/* End PBXGroup section */

/* Begin PBXNativeTarget section */
		201AFD5B2F2D50A3005A5C54 /* Glimpse */ = {
			isa = PBXNativeTarget;
			buildConfigurationList = 201AFD7D2F2D50A9005A5C54 /* Build configuration list for PBXNativeTarget "Glimpse" */;
			buildPhases = (
				201AFD582F2D50A3005A5C54 /* Sources */,
				201AFD592F2D50A3005A5C54 /* Frameworks */,
				201AFD5A2F2D50A3005A5C54 /* Resources */,
			);
			buildRules = (
			);
			dependencies = (
			);
			fileSystemSynchronizedGroups = (
				201AFD5E2F2D50A3005A5C54 /* Glimpse */,
			);
			name = Glimpse;
			packageProductDependencies = (
			);
			productName = Glimpse;
			productReference = 201AFD5C2F2D50A3005A5C54 /* Glimpse.app */;
			productType = "com.apple.product-type.application";
		};
		201AFD682F2D50A8005A5C54 /* GlimpseTests */ = {
			isa = PBXNativeTarget;
			buildConfigurationList = 201AFD802F2D50A9005A5C54 /* Build configuration list for PBXNativeTarget "GlimpseTests" */;
			buildPhases = (
				201AFD652F2D50A8005A5C54 /* Sources */,
				201AFD662F2D50A8005A5C54 /* Frameworks */,
				201AFD672F2D50A8005A5C54 /* Resources */,
			);
			buildRules = (
			);
			dependencies = (
				201AFD6B2F2D50A8005A5C54 /* PBXTargetDependency */,
			);
			fileSystemSynchronizedGroups = (
				201AFD6C2F2D50A8005A5C54 /* GlimpseTests */,
			);
			name = GlimpseTests;
			packageProductDependencies = (
			);
			productName = GlimpseTests;
			productReference = 201AFD692F2D50A8005A5C54 /* GlimpseTests.xctest */;
			productType = "com.apple.product-type.bundle.unit-test";
		};
		201AFD722F2D50A8005A5C54 /* GlimpseUITests */ = {
			isa = PBXNativeTarget;
			buildConfigurationList = 201AFD832F2D50A9005A5C54 /* Build configuration list for PBXNativeTarget "GlimpseUITests" */;
			buildPhases = (
				201AFD6F2F2D50A8005A5C54 /* Sources */,
				201AFD702F2D50A8005A5C54 /* Frameworks */,
				201AFD712F2D50A8005A5C54 /* Resources */,
			);
			buildRules = (
			);
			dependencies = (
				201AFD752F2D50A8005A5C54 /* PBXTargetDependency */,
			);
			fileSystemSynchronizedGroups = (
				201AFD762F2D50A8005A5C54 /* GlimpseUITests */,
			);
			name = GlimpseUITests;
			packageProductDependencies = (
			);
			productName = GlimpseUITests;
			productReference = 201AFD732F2D50A8005A5C54 /* GlimpseUITests.xctest */;
			productType = "com.apple.product-type.bundle.ui-testing";
		};
/* End PBXNativeTarget section */

/* Begin PBXProject section */
		201AFD542F2D50A3005A5C54 /* Project object */ = {
			isa = PBXProject;
			attributes = {
				BuildIndependentTargetsInParallel = 1;
				LastSwiftUpdateCheck = 2610;
				LastUpgradeCheck = 2610;
				TargetAttributes = {
					201AFD5B2F2D50A3005A5C54 = {
						CreatedOnToolsVersion = 26.1.1;
					};
					201AFD682F2D50A8005A5C54 = {
						CreatedOnToolsVersion = 26.1.1;
						TestTargetID = 201AFD5B2F2D50A3005A5C54;
					};
					201AFD722F2D50A8005A5C54 = {
						CreatedOnToolsVersion = 26.1.1;
						TestTargetID = 201AFD5B2F2D50A3005A5C54;
					};
				};
			};
			buildConfigurationList = 201AFD572F2D50A3005A5C54 /* Build configuration list for PBXProject "Glimpse" */;
			developmentRegion = en;
			hasScannedForEncodings = 0;
			knownRegions = (
				en,
				Base,
			);
			mainGroup = 201AFD532F2D50A3005A5C54;
			minimizedProjectReferenceProxies = 1;
			preferredProjectObjectVersion = 77;
			productRefGroup = 201AFD5D2F2D50A3005A5C54 /* Products */;
			projectDirPath = "";
			projectRoot = "";
			targets = (
				201AFD5B2F2D50A3005A5C54 /* Glimpse */,
				201AFD682F2D50A8005A5C54 /* GlimpseTests */,
				201AFD722F2D50A8005A5C54 /* GlimpseUITests */,
			);
		};
/* End PBXProject section */

/* Begin PBXResourcesBuildPhase section */
		201AFD5A2F2D50A3005A5C54 /* Resources */ = {
			isa = PBXResourcesBuildPhase;
			buildActionMask = 2147483647;
			files = (
			);
			runOnlyForDeploymentPostprocessing = 0;
		};
		201AFD672F2D50A8005A5C54 /* Resources */ = {
			isa = PBXResourcesBuildPhase;
			buildActionMask = 2147483647;
			files = (
			);
			runOnlyForDeploymentPostprocessing = 0;
		};
		201AFD712F2D50A8005A5C54 /* Resources */ = {
			isa = PBXResourcesBuildPhase;
			buildActionMask = 2147483647;
			files = (
			);
			runOnlyForDeploymentPostprocessing = 0;
		};
/* End PBXResourcesBuildPhase section */

/* Begin PBXSourcesBuildPhase section */
		201AFD582F2D50A3005A5C54 /* Sources */ = {
			isa = PBXSourcesBuildPhase;
			buildActionMask = 2147483647;
			files = (
			);
			runOnlyForDeploymentPostprocessing = 0;
		};
		201AFD652F2D50A8005A5C54 /* Sources */ = {
			isa = PBXSourcesBuildPhase;
			buildActionMask = 2147483647;
			files = (
			);
			runOnlyForDeploymentPostprocessing = 0;
		};
		201AFD6F2F2D50A8005A5C54 /* Sources */ = {
			isa = PBXSourcesBuildPhase;
			buildActionMask = 2147483647;
			files = (
			);
			runOnlyForDeploymentPostprocessing = 0;
		};
/* End PBXSourcesBuildPhase section */

/* Begin PBXTargetDependency section */
		201AFD6B2F2D50A8005A5C54 /* PBXTargetDependency */ = {
			isa = PBXTargetDependency;
			target = 201AFD5B2F2D50A3005A5C54 /* Glimpse */;
			targetProxy = 201AFD6A2F2D50A8005A5C54 /* PBXContainerItemProxy */;
		};
		201AFD752F2D50A8005A5C54 /* PBXTargetDependency */ = {
			isa = PBXTargetDependency;
			target = 201AFD5B2F2D50A3005A5C54 /* Glimpse */;
			targetProxy = 201AFD742F2D50A8005A5C54 /* PBXContainerItemProxy */;
		};
/* End PBXTargetDependency section */

/* Begin XCBuildConfiguration section */
		201AFD7B2F2D50A8005A5C54 /* Debug */ = {
			isa = XCBuildConfiguration;
			buildSettings = {
				ALWAYS_SEARCH_USER_PATHS = NO;
				ASSETCATALOG_COMPILER_GENERATE_SWIFT_ASSET_SYMBOL_EXTENSIONS = YES;
				CLANG_ANALYZER_NONNULL = YES;
				CLANG_ANALYZER_NUMBER_OBJECT_CONVERSION = YES_AGGRESSIVE;
				CLANG_CXX_LANGUAGE_STANDARD = "gnu++20";
				CLANG_ENABLE_MODULES = YES;
				CLANG_ENABLE_OBJC_ARC = YES;
				CLANG_ENABLE_OBJC_WEAK = YES;
				CLANG_WARN_BLOCK_CAPTURE_AUTORELEASING = YES;
				CLANG_WARN_BOOL_CONVERSION = YES;
				CLANG_WARN_COMMA = YES;
				CLANG_WARN_CONSTANT_CONVERSION = YES;
				CLANG_WARN_DEPRECATED_OBJC_IMPLEMENTATIONS = YES;
				CLANG_WARN_DIRECT_OBJC_ISA_USAGE = YES_ERROR;
				CLANG_WARN_DOCUMENTATION_COMMENTS = YES;
				CLANG_WARN_EMPTY_BODY = YES;
				CLANG_WARN_ENUM_CONVERSION = YES;
				CLANG_WARN_INFINITE_RECURSION = YES;
				CLANG_WARN_INT_CONVERSION = YES;
				CLANG_WARN_NON_LITERAL_NULL_CONVERSION = YES;
				CLANG_WARN_OBJC_IMPLICIT_RETAIN_SELF = YES;
				CLANG_WARN_OBJC_LITERAL_CONVERSION = YES;
				CLANG_WARN_OBJC_ROOT_CLASS = YES_ERROR;
				CLANG_WARN_QUOTED_INCLUDE_IN_FRAMEWORK_HEADER = YES;
				CLANG_WARN_RANGE_LOOP_ANALYSIS = YES;
				CLANG_WARN_STRICT_PROTOTYPES = YES;
				CLANG_WARN_SUSPICIOUS_MOVE = YES;
				CLANG_WARN_UNGUARDED_AVAILABILITY = YES_AGGRESSIVE;
				CLANG_WARN_UNREACHABLE_CODE = YES;
				CLANG_WARN__DUPLICATE_METHOD_MATCH = YES;
				COPY_PHASE_STRIP = NO;
				DEBUG_INFORMATION_FORMAT = dwarf;
				DEVELOPMENT_TEAM = T6CSR6K9S7;
				ENABLE_STRICT_OBJC_MSGSEND = YES;
				ENABLE_TESTABILITY = YES;
				ENABLE_USER_SCRIPT_SANDBOXING = YES;
				GCC_C_LANGUAGE_STANDARD = gnu17;
				GCC_DYNAMIC_NO_PIC = NO;
				GCC_NO_COMMON_BLOCKS = YES;
				GCC_OPTIMIZATION_LEVEL = 0;
				GCC_PREPROCESSOR_DEFINITIONS = (
					"DEBUG=1",
					"$(inherited)",
				);
				GCC_WARN_64_TO_32_BIT_CONVERSION = YES;
				GCC_WARN_ABOUT_RETURN_TYPE = YES_ERROR;
				GCC_WARN_UNDECLARED_SELECTOR = YES;
				GCC_WARN_UNINITIALIZED_AUTOS = YES_AGGRESSIVE;
				GCC_WARN_UNUSED_FUNCTION = YES;
				GCC_WARN_UNUSED_VARIABLE = YES;
				LOCALIZATION_PREFERS_STRING_CATALOGS = YES;
				MACOSX_DEPLOYMENT_TARGET = 26.1;
				MTL_ENABLE_DEBUG_INFO = INCLUDE_SOURCE;
				MTL_FAST_MATH = YES;
				ONLY_ACTIVE_ARCH = YES;
				SDKROOT = macosx;
				SWIFT_ACTIVE_COMPILATION_CONDITIONS = "DEBUG $(inherited)";
				SWIFT_OPTIMIZATION_LEVEL = "-Onone";
			};
			name = Debug;
		};
		201AFD7C2F2D50A8005A5C54 /* Release */ = {
			isa = XCBuildConfiguration;
			buildSettings = {
				ALWAYS_SEARCH_USER_PATHS = NO;
				ASSETCATALOG_COMPILER_GENERATE_SWIFT_ASSET_SYMBOL_EXTENSIONS = YES;
				CLANG_ANALYZER_NONNULL = YES;
				CLANG_ANALYZER_NUMBER_OBJECT_CONVERSION = YES_AGGRESSIVE;
				CLANG_CXX_LANGUAGE_STANDARD = "gnu++20";
				CLANG_ENABLE_MODULES = YES;
				CLANG_ENABLE_OBJC_ARC = YES;
				CLANG_ENABLE_OBJC_WEAK = YES;
				CLANG_WARN_BLOCK_CAPTURE_AUTORELEASING = YES;
				CLANG_WARN_BOOL_CONVERSION = YES;
				CLANG_WARN_COMMA = YES;
				CLANG_WARN_CONSTANT_CONVERSION = YES;
				CLANG_WARN_DEPRECATED_OBJC_IMPLEMENTATIONS = YES;
				CLANG_WARN_DIRECT_OBJC_ISA_USAGE = YES_ERROR;
				CLANG_WARN_DOCUMENTATION_COMMENTS = YES;
				CLANG_WARN_EMPTY_BODY = YES;
				CLANG_WARN_ENUM_CONVERSION = YES;
				CLANG_WARN_INFINITE_RECURSION = YES;
				CLANG_WARN_INT_CONVERSION = YES;
				CLANG_WARN_NON_LITERAL_NULL_CONVERSION = YES;
				CLANG_WARN_OBJC_IMPLICIT_RETAIN_SELF = YES;
				CLANG_WARN_OBJC_LITERAL_CONVERSION = YES;
				CLANG_WARN_OBJC_ROOT_CLASS = YES_ERROR;
				CLANG_WARN_QUOTED_INCLUDE_IN_FRAMEWORK_HEADER = YES;
				CLANG_WARN_RANGE_LOOP_ANALYSIS = YES;
				CLANG_WARN_STRICT_PROTOTYPES = YES;
				CLANG_WARN_SUSPICIOUS_MOVE = YES;
				CLANG_WARN_UNGUARDED_AVAILABILITY = YES_AGGRESSIVE;
				CLANG_WARN_UNREACHABLE_CODE = YES;
				CLANG_WARN__DUPLICATE_METHOD_MATCH = YES;
				COPY_PHASE_STRIP = NO;
				DEBUG_INFORMATION_FORMAT = "dwarf-with-dsym";
				DEVELOPMENT_TEAM = T6CSR6K9S7;
				ENABLE_NS_ASSERTIONS = NO;
				ENABLE_STRICT_OBJC_MSGSEND = YES;
				ENABLE_USER_SCRIPT_SANDBOXING = YES;
				GCC_C_LANGUAGE_STANDARD = gnu17;
				GCC_NO_COMMON_BLOCKS = YES;
				GCC_WARN_64_TO_32_BIT_CONVERSION = YES;
				GCC_WARN_ABOUT_RETURN_TYPE = YES_ERROR;
				GCC_WARN_UNDECLARED_SELECTOR = YES;
				GCC_WARN_UNINITIALIZED_AUTOS = YES_AGGRESSIVE;
				GCC_WARN_UNUSED_FUNCTION = YES;
				GCC_WARN_UNUSED_VARIABLE = YES;
				LOCALIZATION_PREFERS_STRING_CATALOGS = YES;
				MACOSX_DEPLOYMENT_TARGET = 26.1;
				MTL_ENABLE_DEBUG_INFO = NO;
				MTL_FAST_MATH = YES;
				SDKROOT = macosx;
				SWIFT_COMPILATION_MODE = wholemodule;
			};
			name = Release;
		};
		201AFD7E2F2D50A9005A5C54 /* Debug */ = {
			isa = XCBuildConfiguration;
			buildSettings = {
				ASSETCATALOG_COMPILER_APPICON_NAME = AppIcon;
				ASSETCATALOG_COMPILER_GLOBAL_ACCENT_COLOR_NAME = AccentColor;
				CODE_SIGN_STYLE = Automatic;
				COMBINE_HIDPI_IMAGES = YES;
				CURRENT_PROJECT_VERSION = 1;
				DEVELOPMENT_TEAM = T6CSR6K9S7;
				ENABLE_APP_SANDBOX = YES;
				ENABLE_HARDENED_RUNTIME = YES;
				ENABLE_PREVIEWS = YES;
				ENABLE_USER_SELECTED_FILES = readonly;
				GENERATE_INFOPLIST_FILE = YES;
				INFOPLIST_KEY_LSUIElement = YES;
				INFOPLIST_KEY_NSHumanReadableCopyright = "";
				LD_RUNPATH_SEARCH_PATHS = (
					"$(inherited)",
					"@executable_path/../Frameworks",
				);
				MARKETING_VERSION = 1.0;
				PRODUCT_BUNDLE_IDENTIFIER = amanW.Glimpse;
				PRODUCT_NAME = "$(TARGET_NAME)";
				REGISTER_APP_GROUPS = YES;
				STRING_CATALOG_GENERATE_SYMBOLS = YES;
				SWIFT_APPROACHABLE_CONCURRENCY = YES;
				SWIFT_DEFAULT_ACTOR_ISOLATION = MainActor;
				SWIFT_EMIT_LOC_STRINGS = YES;
				SWIFT_UPCOMING_FEATURE_MEMBER_IMPORT_VISIBILITY = YES;
				SWIFT_VERSION = 5.0;
			};
			name = Debug;
		};
		201AFD7F2F2D50A9005A5C54 /* Release */ = {
			isa = XCBuildConfiguration;
			buildSettings = {
				ASSETCATALOG_COMPILER_APPICON_NAME = AppIcon;
				ASSETCATALOG_COMPILER_GLOBAL_ACCENT_COLOR_NAME = AccentColor;
				CODE_SIGN_STYLE = Automatic;
				COMBINE_HIDPI_IMAGES = YES;
				CURRENT_PROJECT_VERSION = 1;
				DEVELOPMENT_TEAM = T6CSR6K9S7;
				ENABLE_APP_SANDBOX = YES;
				ENABLE_HARDENED_RUNTIME = YES;
				ENABLE_PREVIEWS = YES;
				ENABLE_USER_SELECTED_FILES = readonly;
				GENERATE_INFOPLIST_FILE = YES;
				INFOPLIST_KEY_LSUIElement = YES;
				INFOPLIST_KEY_NSHumanReadableCopyright = "";
				LD_RUNPATH_SEARCH_PATHS = (
					"$(inherited)",
					"@executable_path/../Frameworks",
				);
				MARKETING_VERSION = 1.0;
				PRODUCT_BUNDLE_IDENTIFIER = amanW.Glimpse;
				PRODUCT_NAME = "$(TARGET_NAME)";
				REGISTER_APP_GROUPS = YES;
				STRING_CATALOG_GENERATE_SYMBOLS = YES;
				SWIFT_APPROACHABLE_CONCURRENCY = YES;
				SWIFT_DEFAULT_ACTOR_ISOLATION = MainActor;
				SWIFT_EMIT_LOC_STRINGS = YES;
				SWIFT_UPCOMING_FEATURE_MEMBER_IMPORT_VISIBILITY = YES;
				SWIFT_VERSION = 5.0;
			};
			name = Release;
		};
		201AFD812F2D50A9005A5C54 /* Debug */ = {
			isa = XCBuildConfiguration;
			buildSettings = {
				BUNDLE_LOADER = "$(TEST_HOST)";
				CODE_SIGN_STYLE = Automatic;
				CURRENT_PROJECT_VERSION = 1;
				DEVELOPMENT_TEAM = T6CSR6K9S7;
				GENERATE_INFOPLIST_FILE = YES;
				MACOSX_DEPLOYMENT_TARGET = 26.1;
				MARKETING_VERSION = 1.0;
				PRODUCT_BUNDLE_IDENTIFIER = amanW.GlimpseTests;
				PRODUCT_NAME = "$(TARGET_NAME)";
				STRING_CATALOG_GENERATE_SYMBOLS = NO;
				SWIFT_APPROACHABLE_CONCURRENCY = YES;
				SWIFT_EMIT_LOC_STRINGS = NO;
				SWIFT_UPCOMING_FEATURE_MEMBER_IMPORT_VISIBILITY = YES;
				SWIFT_VERSION = 5.0;
				TEST_HOST = "$(BUILT_PRODUCTS_DIR)/Glimpse.app/$(BUNDLE_EXECUTABLE_FOLDER_PATH)/Glimpse";
			};
			name = Debug;
		};
		201AFD822F2D50A9005A5C54 /* Release */ = {
			isa = XCBuildConfiguration;
			buildSettings = {
				BUNDLE_LOADER = "$(TEST_HOST)";
				CODE_SIGN_STYLE = Automatic;
				CURRENT_PROJECT_VERSION = 1;
				DEVELOPMENT_TEAM = T6CSR6K9S7;
				GENERATE_INFOPLIST_FILE = YES;
				MACOSX_DEPLOYMENT_TARGET = 26.1;
				MARKETING_VERSION = 1.0;
				PRODUCT_BUNDLE_IDENTIFIER = amanW.GlimpseTests;
				PRODUCT_NAME = "$(TARGET_NAME)";
				STRING_CATALOG_GENERATE_SYMBOLS = NO;
				SWIFT_APPROACHABLE_CONCURRENCY = YES;
				SWIFT_EMIT_LOC_STRINGS = NO;
				SWIFT_UPCOMING_FEATURE_MEMBER_IMPORT_VISIBILITY = YES;
				SWIFT_VERSION = 5.0;
				TEST_HOST = "$(BUILT_PRODUCTS_DIR)/Glimpse.app/$(BUNDLE_EXECUTABLE_FOLDER_PATH)/Glimpse";
			};
			name = Release;
		};
		201AFD842F2D50A9005A5C54 /* Debug */ = {
			isa = XCBuildConfiguration;
			buildSettings = {
				CODE_SIGN_STYLE = Automatic;
				CURRENT_PROJECT_VERSION = 1;
				DEVELOPMENT_TEAM = T6CSR6K9S7;
				GENERATE_INFOPLIST_FILE = YES;
				MARKETING_VERSION = 1.0;
				PRODUCT_BUNDLE_IDENTIFIER = amanW.GlimpseUITests;
				PRODUCT_NAME = "$(TARGET_NAME)";
				STRING_CATALOG_GENERATE_SYMBOLS = NO;
				SWIFT_APPROACHABLE_CONCURRENCY = YES;
				SWIFT_EMIT_LOC_STRINGS = NO;
				SWIFT_UPCOMING_FEATURE_MEMBER_IMPORT_VISIBILITY = YES;
				SWIFT_VERSION = 5.0;
				TEST_TARGET_NAME = Glimpse;
			};
			name = Debug;
		};
		201AFD852F2D50A9005A5C54 /* Release */ = {
			isa = XCBuildConfiguration;
			buildSettings = {
				CODE_SIGN_STYLE = Automatic;
				CURRENT_PROJECT_VERSION = 1;
				DEVELOPMENT_TEAM = T6CSR6K9S7;
				GENERATE_INFOPLIST_FILE = YES;
				MARKETING_VERSION = 1.0;
				PRODUCT_BUNDLE_IDENTIFIER = amanW.GlimpseUITests;
				PRODUCT_NAME = "$(TARGET_NAME)";
				STRING_CATALOG_GENERATE_SYMBOLS = NO;
				SWIFT_APPROACHABLE_CONCURRENCY = YES;
				SWIFT_EMIT_LOC_STRINGS = NO;
				SWIFT_UPCOMING_FEATURE_MEMBER_IMPORT_VISIBILITY = YES;
				SWIFT_VERSION = 5.0;
				TEST_TARGET_NAME = Glimpse;
			};
			name = Release;
		};
/* End XCBuildConfiguration section */

/* Begin XCConfigurationList section */
		201AFD572F2D50A3005A5C54 /* Build configuration list for PBXProject "Glimpse" */ = {
			isa = XCConfigurationList;
			buildConfigurations = (
				201AFD7B2F2D50A8005A5C54 /* Debug */,
				201AFD7C2F2D50A8005A5C54 /* Release */,
			);
			defaultConfigurationIsVisible = 0;
			defaultConfigurationName = Release;
		};
		201AFD7D2F2D50A9005A5C54 /* Build configuration list for PBXNativeTarget "Glimpse" */ = {
			isa = XCConfigurationList;
			buildConfigurations = (
				201AFD7E2F2D50A9005A5C54 /* Debug */,
				201AFD7F2F2D50A9005A5C54 /* Release */,
			);
			defaultConfigurationIsVisible = 0;
			defaultConfigurationName = Release;
		};
		201AFD802F2D50A9005A5C54 /* Build configuration list for PBXNativeTarget "GlimpseTests" */ = {
			isa = XCConfigurationList;
			buildConfigurations = (
				201AFD812F2D50A9005A5C54 /* Debug */,
				201AFD822F2D50A9005A5C54 /* Release */,
			);
			defaultConfigurationIsVisible = 0;
			defaultConfigurationName = Release;
		};
		201AFD832F2D50A9005A5C54 /* Build configuration list for PBXNativeTarget "GlimpseUITests" */ = {
			isa = XCConfigurationList;
			buildConfigurations = (
				201AFD842F2D50A9005A5C54 /* Debug */,
				201AFD852F2D50A9005A5C54 /* Release */,
			);
			defaultConfigurationIsVisible = 0;
			defaultConfigurationName = Release;
		};
/* End XCConfigurationList section */
	};
	rootObject = 201AFD542F2D50A3005A5C54 /* Project object */;
}
